<?xml version="1.0" encoding="utf-8"?>
<Project ToolsVersion="4.0" xmlns="http://schemas.microsoft.com/developer/msbuild/2003">
  <ItemGroup>
    <Filter Include="Source Files">
      <UniqueIdentifier>{4FC737F1-C7A5-4376-A066-2A32D752A2FF}</UniqueIdentifier>
      <Extensions>cpp;c;cc;cxx;def;odl;idl;hpj;bat;asm;asmx</Extensions>
    </Filter>
    <Filter Include="Header Files">
      <UniqueIdentifier>{93995380-89BD-4b04-88EB-625FBE52EBFB}</UniqueIdentifier>
      <Extensions>h;hh;hpp;hxx;hm;inl;inc;xsd</Extensions>
    </Filter>
    <Filter Include="Resource Files">
      <UniqueIdentifier>{67DA6AB6-F800-4c08-8B7A-83BB121AAD01}</UniqueIdentifier>
      <Extensions>rc;ico;cur;bmp;dlg;rc2;rct;bin;rgs;gif;jpg;jpeg;jpe;resx;tiff;tif;png;wav;mfcribbon-ms</Extensions>
    </Filter>
    <Filter Include="Header Files\solvers">
      <UniqueIdentifier>{4187fd2d-bd59-4a30-9a8a-38f189f4fa2f}</UniqueIdentifier>
    </Filter>
    <Filter Include="Source Files\solvers">
      <UniqueIdentifier>{da7d6406-8372-4349-a35d-9c39468259ae}</UniqueIdentifier>
    </Filter>
    <Filter Include="Header Files\utils">
      <UniqueIdentifier>{b988f5e1-87dc-43cc-9b5a-ac8c3aadf6ae}</UniqueIdentifier>
    </Filter>
    <Filter Include="Header Files\plot">
      <UniqueIdentifier>{4296e982-3ff3-4087-a298-868b71f6ba56}</UniqueIdentifier>
    </Filter>
    <Filter Include="Header Files\structures">
      <UniqueIdentifier>{34a7b9f9-e45b-4286-b66b-b5e7d29391c3}</UniqueIdentifier>
    </Filter>
    <Filter Include="Source Files\utils">
      <UniqueIdentifier>{c985058d-2f84-4ab9-b8ad-e04700ea5aa1}</UniqueIdentifier>
    </Filter>
    <Filter Include="Source Files\plot">
      <UniqueIdentifier>{de050cf4-e516-429f-ae51-a427ae410a56}</UniqueIdentifier>
    </Filter>
    <Filter Include="Source Files\structures">
      <UniqueIdentifier>{ddeb85a0-4c5e-4e52-ade7-a6508c4cdfcf}</UniqueIdentifier>
    </Filter>
  </ItemGroup>
  <ItemGroup>
    <ClCompile Include="src\plot\plot.cpp">
      <Filter>Source Files\plot</Filter>
    </ClCompile>
    <ClCompile Include="src\solvers\alt_brute.cpp">
      <Filter>Source Files\solvers</Filter>
    </ClCompile>
    <ClCompile Include="src\solvers\alt_dyn_prog.cpp">
      <Filter>Source Files\solvers</Filter>
    </ClCompile>
    <ClCompile Include="src\solvers\alt_seg_tree.cpp">
      <Filter>Source Files\solvers</Filter>
    </ClCompile>
    <ClCompile Include="src\solvers\brute.cpp">
      <Filter>Source Files\solvers</Filter>
    </ClCompile>
    <ClCompile Include="src\solvers\dyn_prog.cpp">
      <Filter>Source Files\solvers</Filter>
    </ClCompile>
    <ClCompile Include="src\solvers\seg_tree.cpp">
      <Filter>Source Files\solvers</Filter>
    </ClCompile>
    <ClCompile Include="src\solvers\solver.cpp">
      <Filter>Source Files\solvers</Filter>
    </ClCompile>
    <ClCompile Include="src\structures\point.cpp">
      <Filter>Source Files\structures</Filter>
    </ClCompile>
    <ClCompile Include="src\structures\solution.cpp">
      <Filter>Source Files\structures</Filter>
    </ClCompile>
    <ClCompile Include="src\utils\generator.cpp">
      <Filter>Source Files\utils</Filter>
    </ClCompile>
    <ClCompile Include="src\utils\test.cpp">
      <Filter>Source Files\utils</Filter>
    </ClCompile>
    <ClCompile Include="src\utils\timer.cpp">
      <Filter>Source Files\utils</Filter>
    </ClCompile>
    <ClCompile Include="src\main.cpp">
      <Filter>Source Files</Filter>
    </ClCompile>
  </ItemGroup>
  <ItemGroup>
    <ClInclude Include="src\plot\plot.h">
      <Filter>Header Files\plot</Filter>
    </ClInclude>
    <ClInclude Include="src\solvers\alt_brute.h">
      <Filter>Header Files\solvers</Filter>
    </ClInclude>
    <ClInclude Include="src\solvers\alt_dyn_prog.h">
      <Filter>Header Files\solvers</Filter>
    </ClInclude>
    <ClInclude Include="src\solvers\alt_seg_tree.h">
      <Filter>Header Files\solvers</Filter>
    </ClInclude>
    <ClInclude Include="src\solvers\brute.h">
      <Filter>Header Files\solvers</Filter>
    </ClInclude>
    <ClInclude Include="src\solvers\dyn_prog.h">
      <Filter>Header Files\solvers</Filter>
    </ClInclude>
    <ClInclude Include="src\solvers\seg_tree.h">
      <Filter>Header Files\solvers</Filter>
    </ClInclude>
    <ClInclude Include="src\solvers\solver.h">
      <Filter>Header Files\solvers</Filter>
    </ClInclude>
    <ClInclude Include="src\structures\matrix.h">
      <Filter>Header Files\structures</Filter>
    </ClInclude>
    <ClInclude Include="src\structures\point.h">
      <Filter>Header Files\structures</Filter>
    </ClInclude>
    <ClInclude Include="src\structures\solution.h">
      <Filter>Header Files\structures</Filter>
    </ClInclude>
    <ClInclude Include="src\structures\tree.h">
      <Filter>Header Files\structures</Filter>
    </ClInclude>
    <ClInclude Include="src\utils\generator.h">
      <Filter>Header Files\utils</Filter>
    </ClInclude>
    <ClInclude Include="src\utils\test.h">
      <Filter>Header Files\utils</Filter>
    </ClInclude>
    <ClInclude Include="src\utils\timer.h">
      <Filter>Header Files\utils</Filter>
    </ClInclude>
    <ClInclude Include="src\literals.h">
      <Filter>Header Files</Filter>
    </ClInclude>
  </ItemGroup>
  <ItemGroup>
    <Font Include="resources\arial.ttf">
      <Filter>Resource Files</Filter>
    </Font>
  </ItemGroup>
  <ItemGroup>
    <Text Include="..\readme.txt">
      <Filter>Resource Files</Filter>
    </Text>
  </ItemGroup>
</Project>